
Microsoft Visual Studio Solution File, Format Version 12.00
# Visual Studio 15
Project("{FAE04EC0-301F-11D3-BF4B-00C04F79EFBC}") = "dotnet-core-eb-api-server", "dotnet-core-eb-api-server.csproj", "{8395FD44-C428-4E1D-B642-5113087B78CF}"
EndProject
Global
	GlobalSection(SolutionConfigurationPlatforms) = preSolution
		Debug|Any CPU = Debug|Any CPU
		Release|Any CPU = Release|Any CPU
	EndGlobalSection
	GlobalSection(ProjectConfigurationPlatforms) = postSolution
		{8395FD44-C428-4E1D-B642-5113087B78CF}.Debug|Any CPU.ActiveCfg = Debug|Any CPU
		{8395FD44-C428-4E1D-B642-5113087B78CF}.Debug|Any CPU.Build.0 = Debug|Any CPU
		{8395FD44-C428-4E1D-B642-5113087B78CF}.Release|Any CPU.ActiveCfg = Release|Any CPU
		{8395FD44-C428-4E1D-B642-5113087B78CF}.Release|Any CPU.Build.0 = Release|Any CPU
	EndGlobalSection
EndGlobal
